
Microsoft Visual Studio Solution File, Format Version 12.00
# Visual Studio 15
VisualStudioVersion = 15.0.27428.2027
MinimumVisualStudioVersion = 10.0.40219.1
Project("{F2A71F9B-5D33-465A-A702-920D77279786}") = "ConsoleApp1", "ConsoleApp1\ConsoleApp1.fsproj", "{5D91C322-134B-4C79-B043-9843A4DC4024}"
EndProject
Project("{F2A71F9B-5D33-465A-A702-920D77279786}") = "XUnitTestProject1", "XUnitTestProject1\XUnitTestProject1.fsproj", "{C7344BD6-06F7-4523-A977-44E950049C04}"
EndProject
Project("{F2A71F9B-5D33-465A-A702-920D77279786}") = "ClassLibrary1", "ClassLibrary1\ClassLibrary1.fsproj", "{7F9BFBC5-D570-4496-B050-A6C156C7A226}"
EndProject
Global
	GlobalSection(SolutionConfigurationPlatforms) = preSolution
		Debug|Any CPU = Debug|Any CPU
		Release|Any CPU = Release|Any CPU
	EndGlobalSection
	GlobalSection(ProjectConfigurationPlatforms) = postSolution
		{5D91C322-134B-4C79-B043-9843A4DC4024}.Debug|Any CPU.ActiveCfg = Debug|Any CPU
		{5D91C322-134B-4C79-B043-9843A4DC4024}.Debug|Any CPU.Build.0 = Debug|Any CPU
		{5D91C322-134B-4C79-B043-9843A4DC4024}.Release|Any CPU.ActiveCfg = Release|Any CPU
		{5D91C322-134B-4C79-B043-9843A4DC4024}.Release|Any CPU.Build.0 = Release|Any CPU
		{C7344BD6-06F7-4523-A977-44E950049C04}.Debug|Any CPU.ActiveCfg = Debug|Any CPU
		{C7344BD6-06F7-4523-A977-44E950049C04}.Debug|Any CPU.Build.0 = Debug|Any CPU
		{C7344BD6-06F7-4523-A977-44E950049C04}.Release|Any CPU.ActiveCfg = Release|Any CPU
		{C7344BD6-06F7-4523-A977-44E950049C04}.Release|Any CPU.Build.0 = Release|Any CPU
		{7F9BFBC5-D570-4496-B050-A6C156C7A226}.Debug|Any CPU.ActiveCfg = Debug|Any CPU
		{7F9BFBC5-D570-4496-B050-A6C156C7A226}.Debug|Any CPU.Build.0 = Debug|Any CPU
		{7F9BFBC5-D570-4496-B050-A6C156C7A226}.Release|Any CPU.ActiveCfg = Release|Any CPU
		{7F9BFBC5-D570-4496-B050-A6C156C7A226}.Release|Any CPU.Build.0 = Release|Any CPU
	EndGlobalSection
	GlobalSection(SolutionProperties) = preSolution
		HideSolutionNode = FALSE
	EndGlobalSection
	GlobalSection(ExtensibilityGlobals) = postSolution
		SolutionGuid = {9DE11AD4-1756-4DEA-95B9-7DF4127A4F34}
	EndGlobalSection
EndGlobal
